
Microsoft Visual Studio Solution File, Format Version 12.00
# Visual Studio Version 17
VisualStudioVersion = 17.9.34728.123
MinimumVisualStudioVersion = 10.0.40219.1
Project("{FAE04EC0-301F-11D3-BF4B-00C04F79EFBC}") = "RetailGuruEnterprises", "RetailGuruEnterprises\RetailGuruEnterprises.csproj", "{C171D586-52A6-4CE5-BDD6-31824274BA40}"
EndProject
Project("{FAE04EC0-301F-11D3-BF4B-00C04F79EFBC}") = "DatabaseAccess", "DatabaseAccess\DatabaseAccess.csproj", "{A44482FA-6058-406A-97AE-484016E77A75}"
EndProject
Global
	GlobalSection(SolutionConfigurationPlatforms) = preSolution
		Debug|Any CPU = Debug|Any CPU
		Release|Any CPU = Release|Any CPU
	EndGlobalSection
	GlobalSection(ProjectConfigurationPlatforms) = postSolution
		{C171D586-52A6-4CE5-BDD6-31824274BA40}.Debug|Any CPU.ActiveCfg = Debug|Any CPU
		{C171D586-52A6-4CE5-BDD6-31824274BA40}.Debug|Any CPU.Build.0 = Debug|Any CPU
		{C171D586-52A6-4CE5-BDD6-31824274BA40}.Release|Any CPU.ActiveCfg = Release|Any CPU
		{C171D586-52A6-4CE5-BDD6-31824274BA40}.Release|Any CPU.Build.0 = Release|Any CPU
		{A44482FA-6058-406A-97AE-484016E77A75}.Debug|Any CPU.ActiveCfg = Debug|Any CPU
		{A44482FA-6058-406A-97AE-484016E77A75}.Debug|Any CPU.Build.0 = Debug|Any CPU
		{A44482FA-6058-406A-97AE-484016E77A75}.Release|Any CPU.ActiveCfg = Release|Any CPU
		{A44482FA-6058-406A-97AE-484016E77A75}.Release|Any CPU.Build.0 = Release|Any CPU
	EndGlobalSection
	GlobalSection(SolutionProperties) = preSolution
		HideSolutionNode = FALSE
	EndGlobalSection
	GlobalSection(ExtensibilityGlobals) = postSolution
		SolutionGuid = {3427B33B-6DDC-4C44-991B-893DD06A5DB0}
	EndGlobalSection
EndGlobal
